// !$*UTF8*$!
{
	archiveVersion = 1;
	classes = {
	};
	objectVersion = 50;
	objects = {

/* Begin PBXBuildFile section */
		2D1C9DB621DE5F33005BD833 /* AppDelegate.swift in Sources */ = {isa = PBXBuildFile; fileRef = 2D1C9DB521DE5F33005BD833 /* AppDelegate.swift */; };
		2D1C9DB821DE5F33005BD833 /* ViewController.swift in Sources */ = {isa = PBXBuildFile; fileRef = 2D1C9DB721DE5F33005BD833 /* ViewController.swift */; };
		2D1C9DBB21DE5F33005BD833 /* Main.storyboard in Resources */ = {isa = PBXBuildFile; fileRef = 2D1C9DB921DE5F33005BD833 /* Main.storyboard */; };
		2D1C9DBD21DE5F34005BD833 /* Assets.xcassets in Resources */ = {isa = PBXBuildFile; fileRef = 2D1C9DBC21DE5F34005BD833 /* Assets.xcassets */; };
		2D1C9DC021DE5F34005BD833 /* LaunchScreen.storyboard in Resources */ = {isa = PBXBuildFile; fileRef = 2D1C9DBE21DE5F34005BD833 /* LaunchScreen.storyboard */; };
/* End PBXBuildFile section */

/* Begin PBXFileReference section */
		2D1C9DB221DE5F33005BD833 /* QCCPhotoCapture.app */ = {isa = PBXFileReference; explicitFileType = wrapper.application; includeInIndex = 0; path = QCCPhotoCapture.app; sourceTree = BUILT_PRODUCTS_DIR; };
		2D1C9DB521DE5F33005BD833 /* AppDelegate.swift */ = {isa = PBXFileReference; lastKnownFileType = sourcecode.swift; path = AppDelegate.swift; sourceTree = "<group>"; };
		2D1C9DB721DE5F33005BD833 /* ViewController.swift */ = {isa = PBXFileReference; lastKnownFileType = sourcecode.swift; path = ViewController.swift; sourceTree = "<group>"; };
		2D1C9DBA21DE5F33005BD833 /* Base */ = {isa = PBXFileReference; lastKnownFileType = file.storyboard; name = Base; path = Base.lproj/Main.storyboard; sourceTree = "<group>"; };
		2D1C9DBC21DE5F34005BD833 /* Assets.xcassets */ = {isa = PBXFileReference; lastKnownFileType = folder.assetcatalog; path = Assets.xcassets; sourceTree = "<group>"; };
		2D1C9DBF21DE5F34005BD833 /* Base */ = {isa = PBXFileReference; lastKnownFileType = file.storyboard; name = Base; path = Base.lproj/LaunchScreen.storyboard; sourceTree = "<group>"; };
		2D1C9DC121DE5F34005BD833 /* Info.plist */ = {isa = PBXFileReference; lastKnownFileType = text.plist.xml; path = Info.plist; sourceTree = "<group>"; };
/* End PBXFileReference section */

/* Begin PBXFrameworksBuildPhase section */
		2D1C9DAF21DE5F33005BD833 /* Frameworks */ = {
			isa = PBXFrameworksBuildPhase;
			buildActionMask = 2147483647;
			files = (
			);
			runOnlyForDeploymentPostprocessing = 0;
		};
/* End PBXFrameworksBuildPhase section */

/* Begin PBXGroup section */
		2D1C9DA921DE5F33005BD833 = {
			isa = PBXGroup;
			children = (
				2D1C9DB421DE5F33005BD833 /* QCCPhotoCapture */,
				2D1C9DB321DE5F33005BD833 /* Products */,
			);
			sourceTree = "<group>";
		};
		2D1C9DB321DE5F33005BD833 /* Products */ = {
			isa = PBXGroup;
			children = (
				2D1C9DB221DE5F33005BD833 /* QCCPhotoCapture.app */,
			);
			name = Products;
			sourceTree = "<group>";
		};
		2D1C9DB421DE5F33005BD833 /* QCCPhotoCapture */ = {
			isa = PBXGroup;
			children = (
				2D1C9DB521DE5F33005BD833 /* AppDelegate.swift */,
				2D1C9DB721DE5F33005BD833 /* ViewController.swift */,
				2D1C9DB921DE5F33005BD833 /* Main.storyboard */,
				2D1C9DBC21DE5F34005BD833 /* Assets.xcassets */,
				2D1C9DBE21DE5F34005BD833 /* LaunchScreen.storyboard */,
				2D1C9DC121DE5F34005BD833 /* Info.plist */,
			);
			path = QCCPhotoCapture;
			sourceTree = "<group>";
		};
/* End PBXGroup section */

/* Begin PBXNativeTarget section */
		2D1C9DB121DE5F33005BD833 /* QCCPhotoCapture */ = {
			isa = PBXNativeTarget;
			buildConfigurationList = 2D1C9DC421DE5F34005BD833 /* Build configuration list for PBXNativeTarget "QCCPhotoCapture" */;
			buildPhases = (
				2D1C9DAE21DE5F33005BD833 /* Sources */,
				2D1C9DAF21DE5F33005BD833 /* Frameworks */,
				2D1C9DB021DE5F33005BD833 /* Resources */,
			);
			buildRules = (
			);
			dependencies = (
			);
			name = QCCPhotoCapture;
			productName = QCCPhotoCapture;
			productReference = 2D1C9DB221DE5F33005BD833 /* QCCPhotoCapture.app */;
			productType = "com.apple.product-type.application";
		};
/* End PBXNativeTarget section */

/* Begin PBXProject section */
		2D1C9DAA21DE5F33005BD833 /* Project object */ = {
			isa = PBXProject;
			attributes = {
				LastSwiftUpdateCheck = 1010;
				LastUpgradeCheck = 1010;
				ORGANIZATIONNAME = "Didier Vandekerckhove";
				TargetAttributes = {
					2D1C9DB121DE5F33005BD833 = {
						CreatedOnToolsVersion = 10.1;
					};
				};
			};
			buildConfigurationList = 2D1C9DAD21DE5F33005BD833 /* Build configuration list for PBXProject "QCCPhotoCapture" */;
			compatibilityVersion = "Xcode 9.3";
			developmentRegion = en;
			hasScannedForEncodings = 0;
			knownRegions = (
				en,
				Base,
			);
			mainGroup = 2D1C9DA921DE5F33005BD833;
			productRefGroup = 2D1C9DB321DE5F33005BD833 /* Products */;
			projectDirPath = "";
			projectRoot = "";
			targets = (
				2D1C9DB121DE5F33005BD833 /* QCCPhotoCapture */,
			);
		};
/* End PBXProject section */

/* Begin PBXResourcesBuildPhase section */
		2D1C9DB021DE5F33005BD833 /* Resources */ = {
			isa = PBXResourcesBuildPhase;
			buildActionMask = 2147483647;
			files = (
				2D1C9DC021DE5F34005BD833 /* LaunchScreen.storyboard in Resources */,
				2D1C9DBD21DE5F34005BD833 /* Assets.xcassets in Resources */,
				2D1C9DBB21DE5F33005BD833 /* Main.storyboard in Resources */,
			);
			runOnlyForDeploymentPostprocessing = 0;
		};
/* End PBXResourcesBuildPhase section */

/* Begin PBXSourcesBuildPhase section */
		2D1C9DAE21DE5F33005BD833 /* Sources */ = {
			isa = PBXSourcesBuildPhase;
			buildActionMask = 2147483647;
			files = (
				2D1C9DB821DE5F33005BD833 /* ViewController.swift in Sources */,
				2D1C9DB621DE5F33005BD833 /* AppDelegate.swift in Sources */,
			);
			runOnlyForDeploymentPostprocessing = 0;
		};
/* End PBXSourcesBuildPhase section */

/* Begin PBXVariantGroup section */
		2D1C9DB921DE5F33005BD833 /* Main.storyboard */ = {
			isa = PBXVariantGroup;
			children = (
				2D1C9DBA21DE5F33005BD833 /* Base */,
			);
			name = Main.storyboard;
			sourceTree = "<group>";
		};
		2D1C9DBE21DE5F34005BD833 /* LaunchScreen.storyboard */ = {
			isa = PBXVariantGroup;
			children = (
				2D1C9DBF21DE5F34005BD833 /* Base */,
			);
			name = LaunchScreen.storyboard;
			sourceTree = "<group>";
		};
/* End PBXVariantGroup section */

/* Begin XCBuildConfiguration section */
		2D1C9DC221DE5F34005BD833 /* Debug */ = {
			isa = XCBuildConfiguration;
			buildSettings = {
				ALWAYS_SEARCH_USER_PATHS = NO;
				CLANG_ANALYZER_NONNULL = YES;
				CLANG_ANALYZER_NUMBER_OBJECT_CONVERSION = YES_AGGRESSIVE;
				CLANG_CXX_LANGUAGE_STANDARD = "gnu++14";
				CLANG_CXX_LIBRARY = "libc++";
				CLANG_ENABLE_MODULES = YES;
				CLANG_ENABLE_OBJC_ARC = YES;
				CLANG_ENABLE_OBJC_WEAK = YES;
				CLANG_WARN_BLOCK_CAPTURE_AUTORELEASING = YES;
				CLANG_WARN_BOOL_CONVERSION = YES;
				CLANG_WARN_COMMA = YES;
				CLANG_WARN_CONSTANT_CONVERSION = YES;
				CLANG_WARN_DEPRECATED_OBJC_IMPLEMENTATIONS = YES;
				CLANG_WARN_DIRECT_OBJC_ISA_USAGE = YES_ERROR;
				CLANG_WARN_DOCUMENTATION_COMMENTS = YES;
				CLANG_WARN_EMPTY_BODY = YES;
				CLANG_WARN_ENUM_CONVERSION = YES;
				CLANG_WARN_INFINITE_RECURSION = YES;
				CLANG_WARN_INT_CONVERSION = YES;
				CLANG_WARN_NON_LITERAL_NULL_CONVERSION = YES;
				CLANG_WARN_OBJC_IMPLICIT_RETAIN_SELF = YES;
				CLANG_WARN_OBJC_LITERAL_CONVERSION = YES;
				CLANG_WARN_OBJC_ROOT_CLASS = YES_ERROR;
				CLANG_WARN_RANGE_LOOP_ANALYSIS = YES;
				CLANG_WARN_STRICT_PROTOTYPES = YES;
				CLANG_WARN_SUSPICIOUS_MOVE = YES;
				CLANG_WARN_UNGUARDED_AVAILABILITY = YES_AGGRESSIVE;
				CLANG_WARN_UNREACHABLE_CODE = YES;
				CLANG_WARN__DUPLICATE_METHOD_MATCH = YES;
				CODE_SIGN_IDENTITY = "iPhone Developer";
				COPY_PHASE_STRIP = NO;
				DEBUG_INFORMATION_FORMAT = dwarf;
				ENABLE_STRICT_OBJC_MSGSEND = YES;
				ENABLE_TESTABILITY = YES;
				GCC_C_LANGUAGE_STANDARD = gnu11;
				GCC_DYNAMIC_NO_PIC = NO;
				GCC_NO_COMMON_BLOCKS = YES;
				GCC_OPTIMIZATION_LEVEL = 0;
				GCC_PREPROCESSOR_DEFINITIONS = (
					"DEBUG=1",
					"$(inherited)",
				);
				GCC_WARN_64_TO_32_BIT_CONVERSION = YES;
				GCC_WARN_ABOUT_RETURN_TYPE = YES_ERROR;
				GCC_WARN_UNDECLARED_SELECTOR = YES;
				GCC_WARN_UNINITIALIZED_AUTOS = YES_AGGRESSIVE;
				GCC_WARN_UNUSED_FUNCTION = YES;
				GCC_WARN_UNUSED_VARIABLE = YES;
				IPHONEOS_DEPLOYMENT_TARGET = 12.1;
				MTL_ENABLE_DEBUG_INFO = INCLUDE_SOURCE;
				MTL_FAST_MATH = YES;
				ONLY_ACTIVE_ARCH = YES;
				SDKROOT = iphoneos;
				SWIFT_ACTIVE_COMPILATION_CONDITIONS = DEBUG;
				SWIFT_OPTIMIZATION_LEVEL = "-Onone";
			};
			name = Debug;
		};
		2D1C9DC321DE5F34005BD833 /* Release */ = {
			isa = XCBuildConfiguration;
			buildSettings = {
				ALWAYS_SEARCH_USER_PATHS = NO;
				CLANG_ANALYZER_NONNULL = YES;
				CLANG_ANALYZER_NUMBER_OBJECT_CONVERSION = YES_AGGRESSIVE;
				CLANG_CXX_LANGUAGE_STANDARD = "gnu++14";
				CLANG_CXX_LIBRARY = "libc++";
				CLANG_ENABLE_MODULES = YES;
				CLANG_ENABLE_OBJC_ARC = YES;
				CLANG_ENABLE_OBJC_WEAK = YES;
				CLANG_WARN_BLOCK_CAPTURE_AUTORELEASING = YES;
				CLANG_WARN_BOOL_CONVERSION = YES;
				CLANG_WARN_COMMA = YES;
				CLANG_WARN_CONSTANT_CONVERSION = YES;
				CLANG_WARN_DEPRECATED_OBJC_IMPLEMENTATIONS = YES;
				CLANG_WARN_DIRECT_OBJC_ISA_USAGE = YES_ERROR;
				CLANG_WARN_DOCUMENTATION_COMMENTS = YES;
				CLANG_WARN_EMPTY_BODY = YES;
				CLANG_WARN_ENUM_CONVERSION = YES;
				CLANG_WARN_INFINITE_RECURSION = YES;
				CLANG_WARN_INT_CONVERSION = YES;
				CLANG_WARN_NON_LITERAL_NULL_CONVERSION = YES;
				CLANG_WARN_OBJC_IMPLICIT_RETAIN_SELF = YES;
				CLANG_WARN_OBJC_LITERAL_CONVERSION = YES;
				CLANG_WARN_OBJC_ROOT_CLASS = YES_ERROR;
				CLANG_WARN_RANGE_LOOP_ANALYSIS = YES;
				CLANG_WARN_STRICT_PROTOTYPES = YES;
				CLANG_WARN_SUSPICIOUS_MOVE = YES;
				CLANG_WARN_UNGUARDED_AVAILABILITY = YES_AGGRESSIVE;
				CLANG_WARN_UNREACHABLE_CODE = YES;
				CLANG_WARN__DUPLICATE_METHOD_MATCH = YES;
				CODE_SIGN_IDENTITY = "iPhone Developer";
				COPY_PHASE_STRIP = NO;
				DEBUG_INFORMATION_FORMAT = "dwarf-with-dsym";
				ENABLE_NS_ASSERTIONS = NO;
				ENABLE_STRICT_OBJC_MSGSEND = YES;
				GCC_C_LANGUAGE_STANDARD = gnu11;
				GCC_NO_COMMON_BLOCKS = YES;
				GCC_WARN_64_TO_32_BIT_CONVERSION = YES;
				GCC_WARN_ABOUT_RETURN_TYPE = YES_ERROR;
				GCC_WARN_UNDECLARED_SELECTOR = YES;
				GCC_WARN_UNINITIALIZED_AUTOS = YES_AGGRESSIVE;
				GCC_WARN_UNUSED_FUNCTION = YES;
				GCC_WARN_UNUSED_VARIABLE = YES;
				IPHONEOS_DEPLOYMENT_TARGET = 12.1;
				MTL_ENABLE_DEBUG_INFO = NO;
				MTL_FAST_MATH = YES;
				SDKROOT = iphoneos;
				SWIFT_COMPILATION_MODE = wholemodule;
				SWIFT_OPTIMIZATION_LEVEL = "-O";
				VALIDATE_PRODUCT = YES;
			};
			name = Release;
		};
		2D1C9DC521DE5F34005BD833 /* Debug */ = {
			isa = XCBuildConfiguration;
			buildSettings = {
				ASSETCATALOG_COMPILER_APPICON_NAME = AppIcon;
				CODE_SIGN_STYLE = Automatic;
				DEVELOPMENT_TEAM = 948PSYB2U8;
				INFOPLIST_FILE = QCCPhotoCapture/Info.plist;
				LD_RUNPATH_SEARCH_PATHS = (
					"$(inherited)",
					"@executable_path/Frameworks",
				);
				PRODUCT_BUNDLE_IDENTIFIER = com.didierv.QCCPhotoCapture;
				PRODUCT_NAME = "$(TARGET_NAME)";
				SWIFT_VERSION = 4.2;
				TARGETED_DEVICE_FAMILY = "1,2";
			};
			name = Debug;
		};
		2D1C9DC621DE5F34005BD833 /* Release */ = {
			isa = XCBuildConfiguration;
			buildSettings = {
				ASSETCATALOG_COMPILER_APPICON_NAME = AppIcon;
				CODE_SIGN_STYLE = Automatic;
				DEVELOPMENT_TEAM = 948PSYB2U8;
				INFOPLIST_FILE = QCCPhotoCapture/Info.plist;
				LD_RUNPATH_SEARCH_PATHS = (
					"$(inherited)",
					"@executable_path/Frameworks",
				);
				PRODUCT_BUNDLE_IDENTIFIER = com.didierv.QCCPhotoCapture;
				PRODUCT_NAME = "$(TARGET_NAME)";
				SWIFT_VERSION = 4.2;
				TARGETED_DEVICE_FAMILY = "1,2";
			};
			name = Release;
		};
/* End XCBuildConfiguration section */

/* Begin XCConfigurationList section */
		2D1C9DAD21DE5F33005BD833 /* Build configuration list for PBXProject "QCCPhotoCapture" */ = {
			isa = XCConfigurationList;
			buildConfigurations = (
				2D1C9DC221DE5F34005BD833 /* Debug */,
				2D1C9DC321DE5F34005BD833 /* Release */,
			);
			defaultConfigurationIsVisible = 0;
			defaultConfigurationName = Release;
		};
		2D1C9DC421DE5F34005BD833 /* Build configuration list for PBXNativeTarget "QCCPhotoCapture" */ = {
			isa = XCConfigurationList;
			buildConfigurations = (
				2D1C9DC521DE5F34005BD833 /* Debug */,
				2D1C9DC621DE5F34005BD833 /* Release */,
			);
			defaultConfigurationIsVisible = 0;
			defaultConfigurationName = Release;
		};
/* End XCConfigurationList section */
	};
	rootObject = 2D1C9DAA21DE5F33005BD833 /* Project object */;
}
